
Microsoft Visual Studio Solution File, Format Version 12.00
# Visual Studio Version 17
VisualStudioVersion = 17.4.33213.308
MinimumVisualStudioVersion = 10.0.40219.1
Project("{FAE04EC0-301F-11D3-BF4B-00C04F79EFBC}") = "blockchainapp", "blockchainapp\blockchainapp.csproj", "{7E5664C5-E63E-4CBB-ADDD-C964ACE85950}"
EndProject
Global
	GlobalSection(SolutionConfigurationPlatforms) = preSolution
		Debug|Any CPU = Debug|Any CPU
		Release|Any CPU = Release|Any CPU
	EndGlobalSection
	GlobalSection(ProjectConfigurationPlatforms) = postSolution
		{7E5664C5-E63E-4CBB-ADDD-C964ACE85950}.Debug|Any CPU.ActiveCfg = Debug|Any CPU
		{7E5664C5-E63E-4CBB-ADDD-C964ACE85950}.Debug|Any CPU.Build.0 = Debug|Any CPU
		{7E5664C5-E63E-4CBB-ADDD-C964ACE85950}.Release|Any CPU.ActiveCfg = Release|Any CPU
		{7E5664C5-E63E-4CBB-ADDD-C964ACE85950}.Release|Any CPU.Build.0 = Release|Any CPU
	EndGlobalSection
	GlobalSection(SolutionProperties) = preSolution
		HideSolutionNode = FALSE
	EndGlobalSection
	GlobalSection(ExtensibilityGlobals) = postSolution
		SolutionGuid = {6A9AAE16-59FE-452E-82AD-7B15BFBE39B4}
	EndGlobalSection
EndGlobal
